
Microsoft Visual Studio Solution File, Format Version 12.00
Project("{FAE04EC0-301F-11D3-BF4B-00C04F79EFBC}") = "DTXOrganizer", "DTXOrganizer\DTXOrganizer.csproj", "{51D7E64E-F7A5-4996-9454-80FB83ACA5FF}"
EndProject
Global
	GlobalSection(SolutionConfigurationPlatforms) = preSolution
		Debug|Any CPU = Debug|Any CPU
		Release|Any CPU = Release|Any CPU
	EndGlobalSection
	GlobalSection(ProjectConfigurationPlatforms) = postSolution
		{51D7E64E-F7A5-4996-9454-80FB83ACA5FF}.Debug|Any CPU.ActiveCfg = Debug|Any CPU
		{51D7E64E-F7A5-4996-9454-80FB83ACA5FF}.Debug|Any CPU.Build.0 = Debug|Any CPU
		{51D7E64E-F7A5-4996-9454-80FB83ACA5FF}.Release|Any CPU.ActiveCfg = Release|Any CPU
		{51D7E64E-F7A5-4996-9454-80FB83ACA5FF}.Release|Any CPU.Build.0 = Release|Any CPU
	EndGlobalSection
EndGlobal
